
Microsoft Visual Studio Solution File, Format Version 12.00
# Visual Studio for Mac
Project("{FAE04EC0-301F-11D3-BF4B-00C04F79EFBC}") = "Assembly-CSharp", "Assembly-CSharp.csproj", "{16D6E48B-7CA1-0EC2-7665-B63983B7D0A6}"
EndProject
Project("{FAE04EC0-301F-11D3-BF4B-00C04F79EFBC}") = "Assembly-CSharp-firstpass", "Assembly-CSharp-firstpass.csproj", "{69D62165-17A9-5A94-8626-223F95EE1643}"
EndProject
Project("{FAE04EC0-301F-11D3-BF4B-00C04F79EFBC}") = "Assembly-CSharp-Editor-firstpass", "Assembly-CSharp-Editor-firstpass.csproj", "{7A031131-B338-668B-4446-D9E8C10CC1D5}"
EndProject
Project("{FAE04EC0-301F-11D3-BF4B-00C04F79EFBC}") = "Assembly-CSharp-Editor", "Assembly-CSharp-Editor.csproj", "{3C28BC34-1706-5C6C-3926-F45CAC23E8F9}"
EndProject
Global
	GlobalSection(SolutionConfigurationPlatforms) = preSolution
		Debug|Any CPU = Debug|Any CPU
		Release|Any CPU = Release|Any CPU
	EndGlobalSection
	GlobalSection(ProjectConfigurationPlatforms) = postSolution
		{16D6E48B-7CA1-0EC2-7665-B63983B7D0A6}.Debug|Any CPU.ActiveCfg = Debug|Any CPU
		{16D6E48B-7CA1-0EC2-7665-B63983B7D0A6}.Debug|Any CPU.Build.0 = Debug|Any CPU
		{16D6E48B-7CA1-0EC2-7665-B63983B7D0A6}.Release|Any CPU.ActiveCfg = Release|Any CPU
		{16D6E48B-7CA1-0EC2-7665-B63983B7D0A6}.Release|Any CPU.Build.0 = Release|Any CPU
		{69D62165-17A9-5A94-8626-223F95EE1643}.Debug|Any CPU.ActiveCfg = Debug|Any CPU
		{69D62165-17A9-5A94-8626-223F95EE1643}.Debug|Any CPU.Build.0 = Debug|Any CPU
		{69D62165-17A9-5A94-8626-223F95EE1643}.Release|Any CPU.ActiveCfg = Release|Any CPU
		{69D62165-17A9-5A94-8626-223F95EE1643}.Release|Any CPU.Build.0 = Release|Any CPU
		{7A031131-B338-668B-4446-D9E8C10CC1D5}.Debug|Any CPU.ActiveCfg = Debug|Any CPU
		{7A031131-B338-668B-4446-D9E8C10CC1D5}.Debug|Any CPU.Build.0 = Debug|Any CPU
		{7A031131-B338-668B-4446-D9E8C10CC1D5}.Release|Any CPU.ActiveCfg = Release|Any CPU
		{7A031131-B338-668B-4446-D9E8C10CC1D5}.Release|Any CPU.Build.0 = Release|Any CPU
		{3C28BC34-1706-5C6C-3926-F45CAC23E8F9}.Debug|Any CPU.ActiveCfg = Debug|Any CPU
		{3C28BC34-1706-5C6C-3926-F45CAC23E8F9}.Debug|Any CPU.Build.0 = Debug|Any CPU
		{3C28BC34-1706-5C6C-3926-F45CAC23E8F9}.Release|Any CPU.ActiveCfg = Release|Any CPU
		{3C28BC34-1706-5C6C-3926-F45CAC23E8F9}.Release|Any CPU.Build.0 = Release|Any CPU
	EndGlobalSection
	GlobalSection(SolutionProperties) = preSolution
		HideSolutionNode = FALSE
	EndGlobalSection
	GlobalSection(MonoDevelopProperties) = preSolution
		StartupItem = Assembly-CSharp.csproj
	EndGlobalSection
EndGlobal
